
Microsoft Visual Studio Solution File, Format Version 12.00
# Visual Studio Version 16
VisualStudioVersion = 16.0.31105.61
MinimumVisualStudioVersion = 10.0.40219.1
Project("{FAE04EC0-301F-11D3-BF4B-00C04F79EFBC}") = "Anrede", "Anrede\Anrede.csproj", "{ABEC35C2-F608-48DA-A72B-02893E98C1B8}"
EndProject
Global
	GlobalSection(SolutionConfigurationPlatforms) = preSolution
		Debug|Any CPU = Debug|Any CPU
		Release|Any CPU = Release|Any CPU
	EndGlobalSection
	GlobalSection(ProjectConfigurationPlatforms) = postSolution
		{ABEC35C2-F608-48DA-A72B-02893E98C1B8}.Debug|Any CPU.ActiveCfg = Debug|Any CPU
		{ABEC35C2-F608-48DA-A72B-02893E98C1B8}.Debug|Any CPU.Build.0 = Debug|Any CPU
		{ABEC35C2-F608-48DA-A72B-02893E98C1B8}.Release|Any CPU.ActiveCfg = Release|Any CPU
		{ABEC35C2-F608-48DA-A72B-02893E98C1B8}.Release|Any CPU.Build.0 = Release|Any CPU
	EndGlobalSection
	GlobalSection(SolutionProperties) = preSolution
		HideSolutionNode = FALSE
	EndGlobalSection
	GlobalSection(ExtensibilityGlobals) = postSolution
		SolutionGuid = {5CFACFC4-672A-4973-AB4D-FACA7B2CE352}
	EndGlobalSection
EndGlobal
